
Microsoft Visual Studio Solution File, Format Version 12.00
# Visual Studio Version 17
VisualStudioVersion = 17.5.33516.290
MinimumVisualStudioVersion = 10.0.40219.1
Project("{FAE04EC0-301F-11D3-BF4B-00C04F79EFBC}") = "Калькулятор", "WinFormsApp1\Калькулятор.csproj", "{DDB559CA-67DD-4C7C-AFAA-E732D03ADD0A}"
EndProject
Global
	GlobalSection(SolutionConfigurationPlatforms) = preSolution
		Debug|Any CPU = Debug|Any CPU
		Release|Any CPU = Release|Any CPU
	EndGlobalSection
	GlobalSection(ProjectConfigurationPlatforms) = postSolution
		{DDB559CA-67DD-4C7C-AFAA-E732D03ADD0A}.Debug|Any CPU.ActiveCfg = Debug|Any CPU
		{DDB559CA-67DD-4C7C-AFAA-E732D03ADD0A}.Debug|Any CPU.Build.0 = Debug|Any CPU
		{DDB559CA-67DD-4C7C-AFAA-E732D03ADD0A}.Release|Any CPU.ActiveCfg = Release|Any CPU
		{DDB559CA-67DD-4C7C-AFAA-E732D03ADD0A}.Release|Any CPU.Build.0 = Release|Any CPU
	EndGlobalSection
	GlobalSection(SolutionProperties) = preSolution
		HideSolutionNode = FALSE
	EndGlobalSection
	GlobalSection(ExtensibilityGlobals) = postSolution
		SolutionGuid = {35BB8B4D-355A-498E-9CEB-6E792DDBFA92}
	EndGlobalSection
EndGlobal
